
Microsoft Visual Studio Solution File, Format Version 12.00
# Visual Studio 14
VisualStudioVersion = 14.0.25420.1
MinimumVisualStudioVersion = 10.0.40219.1
Project("{FAE04EC0-301F-11D3-BF4B-00C04F79EFBC}") = "Log4NetCustomLogger", "Log4NetCustomLogger\Log4NetCustomLogger.csproj", "{4CACC5D9-DF68-4D8A-B43E-03904036E78D}"
EndProject
Project("{FAE04EC0-301F-11D3-BF4B-00C04F79EFBC}") = "CustomLog4netLibrary", "CustomLog4netLibrary\CustomLog4netLibrary.csproj", "{07206D4B-CA10-4CE0-9F53-6A2CD6CE3F8F}"
EndProject
Global
	GlobalSection(SolutionConfigurationPlatforms) = preSolution
		Debug|Any CPU = Debug|Any CPU
		Release|Any CPU = Release|Any CPU
	EndGlobalSection
	GlobalSection(ProjectConfigurationPlatforms) = postSolution
		{4CACC5D9-DF68-4D8A-B43E-03904036E78D}.Debug|Any CPU.ActiveCfg = Debug|Any CPU
		{4CACC5D9-DF68-4D8A-B43E-03904036E78D}.Debug|Any CPU.Build.0 = Debug|Any CPU
		{4CACC5D9-DF68-4D8A-B43E-03904036E78D}.Release|Any CPU.ActiveCfg = Release|Any CPU
		{4CACC5D9-DF68-4D8A-B43E-03904036E78D}.Release|Any CPU.Build.0 = Release|Any CPU
		{07206D4B-CA10-4CE0-9F53-6A2CD6CE3F8F}.Debug|Any CPU.ActiveCfg = Debug|Any CPU
		{07206D4B-CA10-4CE0-9F53-6A2CD6CE3F8F}.Debug|Any CPU.Build.0 = Debug|Any CPU
		{07206D4B-CA10-4CE0-9F53-6A2CD6CE3F8F}.Release|Any CPU.ActiveCfg = Release|Any CPU
		{07206D4B-CA10-4CE0-9F53-6A2CD6CE3F8F}.Release|Any CPU.Build.0 = Release|Any CPU
	EndGlobalSection
	GlobalSection(SolutionProperties) = preSolution
		HideSolutionNode = FALSE
	EndGlobalSection
EndGlobal
